[[package]]
name = "absl-py"
version = "2.1.0"
description = "Abseil Python Common Libraries, see https://github.com/abseil/abseil-py."
category = "main"
optional = false
python-versions = ">=3.7"

[[package]]
name = "async-timeout"
version = "4.0.3"
description = "Timeout context manager for asyncio programs"
category = "main"
optional = false
python-versions = ">=3.7"

[[package]]
name = "attrs"
version = "23.2.0"
description = "Classes Without Boilerplate"
category = "main"
optional = false
python-versions = ">=3.7"

[package.extras]
cov = ["attrs", "coverage[toml] (>=5.3)"]
dev = ["attrs", "pre-commit"]
docs = ["furo", "myst-parser", "sphinx", "sphinx-notfound-page", "sphinxcontrib-towncrier", "towncrier", "zope-interface"]
tests = ["attrs", "zope-interface"]
tests-mypy = ["mypy (>=1.6)", "pytest-mypy-plugins"]
tests-no-zope = ["attrs", "cloudpickle", "hypothesis", "pympler", "pytest-xdist", "pytest (>=4.3.0)"]

[[package]]
name = "beautifulsoup4"
version = "4.12.3"
description = "Screen-scraping library"
category = "main"
optional = false
python-versions = ">=3.6.0"

[package.dependencies]
soupsieve = ">1.2"

[package.extras]
cchardet = ["cchardet"]
chardet = ["chardet"]
charset-normalizer = ["charset-normalizer"]
html5lib = ["html5lib"]
lxml = ["lxml"]

[[package]]
name = "black"
version = "24.3.0"
description = "The uncompromising code formatter."
category = "main"
optional = false
python-versions = ">=3.8"

[package.dependencies]
click = ">=8.0.0"
mypy-extensions = ">=0.4.3"
packaging = ">=22.0"
pathspec = ">=0.9.0"
platformdirs = ">=2"
tomli = {version = ">=1.1.0", markers = "python_version < \"3.11\""}
typing-extensions = {version = ">=4.0.1", markers = "python_version < \"3.11\""}

[package.extras]
colorama = ["colorama (>=0.4.3)"]
d = ["aiohttp (>=3.7.4,!=3.9.0)", "aiohttp (>=3.7.4)"]
jupyter = ["ipython (>=7.8.0)", "tokenize-rt (>=3.2.0)"]
uvloop = ["uvloop (>=0.15.2)"]

[[package]]
name = "casadi"
version = "3.6.5"
description = "CasADi -- framework for algorithmic differentiation and numeric optimization"
category = "main"
optional = false
python-versions = "*"

[package.dependencies]
numpy = "*"

[[package]]
name = "certifi"
version = "2024.2.2"
description = "Python package for providing Mozilla's CA Bundle."
category = "main"
optional = false
python-versions = ">=3.6"

[[package]]
name = "cfgv"
version = "3.4.0"
description = "Validate configuration and produce human readable error messages."
category = "main"
optional = false
python-versions = ">=3.8"

[[package]]
name = "charset-normalizer"
version = "3.3.2"
description = "The Real First Universal Charset Detector. Open, modern and actively maintained alternative to Chardet."
category = "main"
optional = false
python-versions = ">=3.7.0"

[[package]]
name = "clarabel"
version = "0.7.1"
description = "Clarabel Conic Interior Point Solver for Rust / Python"
category = "main"
optional = false
python-versions = ">=3.7"

[package.dependencies]
numpy = "*"
scipy = "*"

[[package]]
name = "click"
version = "8.1.7"
description = "Composable command line interface toolkit"
category = "main"
optional = false
python-versions = ">=3.7"

[package.dependencies]
colorama = {version = "*", markers = "platform_system == \"Windows\""}

[[package]]
name = "cloudpickle"
version = "3.0.0"
description = "Pickler class to extend the standard pickle.Pickler functionality"
category = "main"
optional = false
python-versions = ">=3.8"

[[package]]
name = "colorama"
version = "0.4.6"
description = "Cross-platform colored terminal text."
category = "main"
optional = false
python-versions = "!=3.0.*,!=3.1.*,!=3.2.*,!=3.3.*,!=3.4.*,!=3.5.*,!=3.6.*,>=2.7"

[[package]]
name = "commonmark"
version = "0.9.1"
description = "Python parser for the CommonMark Markdown spec"
category = "main"
optional = false
python-versions = "*"

[package.extras]
test = ["flake8 (==3.7.8)", "hypothesis (==3.55.3)"]

[[package]]
name = "contourpy"
version = "1.2.0"
description = "Python library for calculating contours of 2D quadrilateral grids"
category = "main"
optional = false
python-versions = ">=3.9"

[package.dependencies]
numpy = ">=1.20,<2.0"

[package.extras]
docs = ["furo", "sphinx (>=7.2)", "sphinx-copybutton"]
bokeh = ["bokeh", "selenium"]
mypy = ["contourpy", "docutils-stubs", "mypy (==1.6.1)", "types-pillow"]
test = ["contourpy", "matplotlib", "pillow"]
test-no-images = ["pytest", "pytest-cov", "pytest-xdist", "wurlitzer"]

[[package]]
name = "cvxpy"
version = "1.4.2"
description = "A domain-specific language for modeling convex optimization problems in Python."
category = "main"
optional = false
python-versions = ">=3.8"

[package.dependencies]
clarabel = ">=0.5.0"
ecos = ">=2"
numpy = ">=1.15"
osqp = ">=0.6.2"
pybind11 = "*"
scipy = ">=1.1.0"
scs = ">=3.0"

[package.extras]
cbc = ["cylp (>=0.91.5)"]
clarabel = ["clarabel"]
cvxopt = ["cvxopt"]
diffcp = ["diffcp"]
glop = ["ortools (>=9.5,<9.8)"]
glpk = ["cvxopt"]
glpk_mi = ["cvxopt"]
gurobi = ["gurobipy"]
highs = ["scipy (>=1.6.1)"]
mosek = ["mosek"]
pdlp = ["ortools (>=9.5,<9.8)"]
piqp = ["piqp"]
proxqp = ["proxsuite"]
scip = ["pyscipopt"]
scipy = ["scipy"]
scs = ["setuptools (>65.5.1)"]
xpress = ["xpress"]

[[package]]
name = "cycler"
version = "0.12.1"
description = "Composable style cycles"
category = "main"
optional = false
python-versions = ">=3.8"

[package.extras]
docs = ["ipython", "matplotlib", "numpydoc", "sphinx"]
tests = ["pytest", "pytest-cov", "pytest-xdist"]

[[package]]
name = "dict-deep"
version = "4.1.2"
description = "Very simple deep_set and deep_get functions to access nested dicts (or any object) using 'dotted strings' as key."
category = "main"
optional = false
python-versions = ">=3.5,<4.0"

[[package]]
name = "distlib"
version = "0.3.8"
description = "Distribution utilities"
category = "main"
optional = false
python-versions = "*"

[[package]]
name = "ecos"
version = "2.0.13"
description = "This is the Python package for ECOS: Embedded Cone Solver. See Github page for more information."
category = "main"
optional = false
python-versions = "*"

[package.dependencies]
numpy = ">=1.6"
scipy = ">=0.9"

[[package]]
name = "exceptiongroup"
version = "1.2.0"
description = "Backport of PEP 654 (exception groups)"
category = "main"
optional = false
python-versions = ">=3.7"

[package.extras]
test = ["pytest (>=6)"]

[[package]]
name = "farama-notifications"
version = "0.0.4"
description = "Notifications for all Farama Foundation maintained libraries."
category = "main"
optional = false
python-versions = "*"

[[package]]
name = "filelock"
version = "3.13.3"
description = "A platform independent file lock."
category = "main"
optional = false
python-versions = ">=3.8"

[package.extras]
docs = ["furo (>=2023.9.10)", "sphinx-autodoc-typehints (>=1.25.2)", "sphinx (>=7.2.6)"]
testing = ["covdefaults (>=2.3)", "coverage (>=7.3.2)", "diff-cover (>=8.0.1)", "pytest-cov (>=4.1)", "pytest-mock (>=3.12)", "pytest-timeout (>=2.2)", "pytest (>=7.4.3)"]
typing = ["typing-extensions (>=4.8)"]

[[package]]
name = "fonttools"
version = "4.50.0"
description = "Tools to manipulate font files"
category = "main"
optional = false
python-versions = ">=3.8"

[package.extras]
all = ["fs (>=2.2.0,<3)", "lxml (>=4.0)", "zopfli (>=0.1.4)", "lz4 (>=1.7.4.2)", "pycairo", "matplotlib", "sympy", "skia-pathops (>=0.5.0)", "uharfbuzz (>=0.23.0)", "brotlicffi (>=0.8.0)", "scipy", "brotli (>=1.0.1)", "munkres", "unicodedata2 (>=15.1.0)", "xattr"]
graphite = ["lz4 (>=1.7.4.2)"]
interpolatable = ["pycairo", "scipy", "munkres"]
lxml = ["lxml (>=4.0)"]
pathops = ["skia-pathops (>=0.5.0)"]
plot = ["matplotlib"]
repacker = ["uharfbuzz (>=0.23.0)"]
symfont = ["sympy"]
type1 = ["xattr"]
ufo = ["fs (>=2.2.0,<3)"]
unicode = ["unicodedata2 (>=15.1.0)"]
woff = ["zopfli (>=0.1.4)", "brotlicffi (>=0.8.0)", "brotli (>=1.0.1)"]

[[package]]
name = "gdown"
version = "5.1.0"
description = "Google Drive Public File/Folder Downloader"
category = "main"
optional = false
python-versions = ">=3.8"

[package.dependencies]
beautifulsoup4 = "*"
filelock = "*"
requests = {version = "*", extras = ["socks"]}
tqdm = "*"

[package.extras]
test = ["build", "mypy", "pytest", "pytest-xdist", "ruff", "twine", "types-requests"]

[[package]]
name = "gpytorch"
version = "1.11"
description = "An implementation of Gaussian Processes in Pytorch"
category = "main"
optional = false
python-versions = ">=3.8"

[package.dependencies]
linear-operator = ">=0.5.0"
scikit-learn = "*"

[package.extras]
dev = ["ufmt", "twine", "pre-commit"]
examples = ["ipython", "jupyter", "matplotlib", "scipy", "torchvision", "tqdm"]
keops = ["pykeops (>=1.1.1)"]
pyro = ["pyro-ppl (>=1.8)"]
test = ["flake8 (==4.0.1)", "flake8-print (==4.0.0)", "pytest", "nbval"]

[[package]]
name = "grpcio"
version = "1.62.1"
description = "HTTP/2-based RPC framework"
category = "main"
optional = false
python-versions = ">=3.7"

[package.extras]
protobuf = ["grpcio-tools (>=1.62.1)"]

[[package]]
name = "gymnasium"
version = "0.28.1"
description = "A standard API for reinforcement learning and a diverse set of reference environments (formerly Gym)."
category = "main"
optional = false
python-versions = ">=3.7"

[package.dependencies]
cloudpickle = ">=1.2.0"
farama-notifications = ">=0.0.1"
jax-jumpy = ">=1.0.0"
numpy = ">=1.21.0"
typing-extensions = ">=4.3.0"

[package.extras]
accept-rom-license = ["autorom[accept-rom-license] (>=0.4.2,<0.5.0)"]
all = ["shimmy[atari] (>=0.1.0,<1.0)", "box2d-py (==2.3.5)", "pygame (==2.1.3)", "swig (>=4.0.0,<5.0.0)", "mujoco-py (>=2.1,<2.2)", "mujoco (>=2.3.2)", "imageio (>=2.14.1)", "jax (==0.3.24)", "jaxlib (==0.3.24)", "lz4 (>=3.1.0)", "opencv-python (>=3.0)", "matplotlib (>=3.0)", "moviepy (>=1.0.0)", "torch (>=1.0.0)"]
atari = ["shimmy[atari] (>=0.1.0,<1.0)"]
box2d = ["box2d-py (==2.3.5)", "pygame (==2.1.3)", "swig (>=4.0.0,<5.0.0)"]
classic-control = ["pygame (==2.1.3)"]
classic_control = ["pygame (==2.1.3)"]
jax = ["jax (==0.3.24)", "jaxlib (==0.3.24)"]
mujoco = ["mujoco (>=2.3.2)", "imageio (>=2.14.1)"]
mujoco-py = ["mujoco-py (>=2.1,<2.2)"]
mujoco_py = ["mujoco-py (>=2.1,<2.2)"]
other = ["lz4 (>=3.1.0)", "opencv-python (>=3.0)", "matplotlib (>=3.0)", "moviepy (>=1.0.0)", "torch (>=1.0.0)"]
testing = ["pytest (==7.1.3)", "scipy (==1.7.3)"]
toy-text = ["pygame (==2.1.3)"]
toy_text = ["pygame (==2.1.3)"]

[[package]]
name = "identify"
version = "2.5.35"
description = "File identification library for Python"
category = "main"
optional = false
python-versions = ">=3.8"

[package.extras]
license = ["ukkonen"]

[[package]]
name = "idna"
version = "3.6"
description = "Internationalized Domain Names in Applications (IDNA)"
category = "main"
optional = false
python-versions = ">=3.5"

[[package]]
name = "imageio"
version = "2.34.0"
description = "Library for reading and writing a wide range of image, video, scientific, and volumetric data formats."
category = "main"
optional = false
python-versions = ">=3.8"

[package.dependencies]
numpy = "*"
pillow = ">=8.3.2"

[package.extras]
all-plugins = ["astropy", "av", "imageio-ffmpeg", "pillow-heif", "psutil", "tifffile"]
all-plugins-pypy = ["av", "imageio-ffmpeg", "pillow-heif", "psutil", "tifffile"]
build = ["wheel"]
dev = ["pytest", "pytest-cov", "fsspec", "black", "flake8"]
docs = ["sphinx (<6)", "numpydoc", "pydata-sphinx-theme"]
ffmpeg = ["imageio-ffmpeg", "psutil"]
fits = ["astropy"]
full = ["astropy", "av", "black", "flake8", "fsspec", "gdal", "imageio-ffmpeg", "itk", "numpydoc", "pillow-heif", "psutil", "pydata-sphinx-theme", "pytest", "pytest-cov", "sphinx (<6)", "tifffile", "wheel"]
gdal = ["gdal"]
itk = ["itk"]
linting = ["black", "flake8"]
pillow-heif = ["pillow-heif"]
pyav = ["av"]
test = ["pytest", "pytest-cov", "fsspec"]
tifffile = ["tifffile"]

[[package]]
name = "iniconfig"
version = "2.0.0"
description = "brain-dead simple config-ini parsing"
category = "main"
optional = false
python-versions = ">=3.7"

[[package]]
name = "isort"
version = "5.13.2"
description = "A Python utility / library to sort Python imports."
category = "main"
optional = false
python-versions = ">=3.8.0"

[package.extras]
colors = ["colorama (>=0.4.6)"]

[[package]]
name = "jax-jumpy"
version = "1.0.0"
description = "Common backend for Jax or Numpy."
category = "main"
optional = false
python-versions = ">=3.7"

[package.dependencies]
numpy = ">=1.18.0"

[package.extras]
jax = ["jax (>=0.3.24)", "jaxlib (>=0.3.24)"]
testing = ["pytest (==7.1.3)"]

[[package]]
name = "jaxtyping"
version = "0.2.28"
description = "Type annotations and runtime checking for shape and dtype of JAX arrays, and PyTrees."
category = "main"
optional = false
python-versions = "~=3.9"

[package.dependencies]
numpy = ">=1.20.0"
typeguard = "2.13.3"

[[package]]
name = "joblib"
version = "1.3.2"
description = "Lightweight pipelining with Python functions"
category = "main"
optional = false
python-versions = ">=3.7"

[[package]]
name = "jsonschema"
version = "4.21.1"
description = "An implementation of JSON Schema validation for Python"
category = "main"
optional = false
python-versions = ">=3.8"

[package.dependencies]
attrs = ">=22.2.0"
jsonschema-specifications = ">=2023.03.6"
referencing = ">=0.28.4"
rpds-py = ">=0.7.1"

[package.extras]
format = ["fqdn", "idna", "isoduration", "jsonpointer (>1.13)", "rfc3339-validator", "rfc3987", "uri-template", "webcolors (>=1.11)"]
format-nongpl = ["fqdn", "idna", "isoduration", "jsonpointer (>1.13)", "rfc3339-validator", "rfc3986-validator (>0.1.0)", "uri-template", "webcolors (>=1.11)"]

[[package]]
name = "jsonschema-specifications"
version = "2023.12.1"
description = "The JSON Schema meta-schemas and vocabularies, exposed as a Registry"
category = "main"
optional = false
python-versions = ">=3.8"

[package.dependencies]
referencing = ">=0.31.0"

[[package]]
name = "kiwisolver"
version = "1.4.5"
description = "A fast implementation of the Cassowary constraint solver"
category = "main"
optional = false
python-versions = ">=3.7"

[[package]]
name = "linear-operator"
version = "0.5.2"
description = "A linear operator implementation, primarily designed for finite-dimensional positive definite operators (i.e. kernel matrices)."
category = "main"
optional = false
python-versions = ">=3.8"

[package.dependencies]
jaxtyping = ">=0.2.9"
scipy = "*"
torch = ">=1.11"
typeguard = ">=2.13.3,<2.14.0"

[package.extras]
dev = ["pre-commit", "setuptools-scm", "ufmt", "twine"]
docs = ["myst-parser", "setuptools-scm", "sphinx", "six", "sphinx-rtd-theme", "sphinx-autodoc-typehints", "uncompyle6"]
test = ["flake8 (==5.0.4)", "flake8-print (==5.0.0)", "pytest"]

[[package]]
name = "markdown"
version = "3.6"
description = "Python implementation of John Gruber's Markdown."
category = "main"
optional = false
python-versions = ">=3.8"

[package.extras]
docs = ["mkdocs (>=1.5)", "mkdocs-nature (>=0.6)", "mdx-gh-links (>=0.2)", "mkdocstrings", "mkdocs-gen-files", "mkdocs-section-index", "mkdocs-literate-nav"]
testing = ["coverage", "pyyaml"]

[[package]]
name = "markupsafe"
version = "2.1.5"
description = "Safely add untrusted strings to HTML/XML markup."
category = "main"
optional = false
python-versions = ">=3.7"

[[package]]
name = "matplotlib"
version = "3.8.3"
description = "Python plotting package"
category = "main"
optional = false
python-versions = ">=3.9"

[package.dependencies]
contourpy = ">=1.0.1"
cycler = ">=0.10"
fonttools = ">=4.22.0"
kiwisolver = ">=1.3.1"
numpy = ">=1.21,<2"
packaging = ">=20.0"
pillow = ">=8"
pyparsing = ">=2.3.1"
python-dateutil = ">=2.7"

[[package]]
name = "menpo"
version = "0.11.0"
description = "A Python toolkit for handling annotated data"
category = "main"
optional = false
python-versions = "*"

[package.dependencies]
matplotlib = ">=3.0"
numpy = ">=1.14"
pillow = ">=4.0"
scipy = ">=1.0"

[[package]]
name = "mosek"
version = "10.0.47"
description = "Python API for Mosek"
category = "main"
optional = false
python-versions = "*"

[[package]]
name = "msgpack"
version = "1.0.8"
description = "MessagePack serializer"
category = "main"
optional = false
python-versions = ">=3.8"

[[package]]
name = "munch"
version = "2.5.0"
description = "A dot-accessible dictionary (a la JavaScript objects)"
category = "main"
optional = false
python-versions = "*"

[package.dependencies]
six = "*"

[package.extras]
testing = ["pytest", "coverage", "astroid (>=1.5.3,<1.6.0)", "pylint (>=1.7.2,<1.8.0)", "astroid (>=2.0)", "pylint (>=2.3.1,<2.4.0)"]
yaml = ["PyYAML (>=5.1.0)"]

[[package]]
name = "mypy-extensions"
version = "1.0.0"
description = "Type system extensions for programs checked with the mypy type checker."
category = "main"
optional = false
python-versions = ">=3.5"

[[package]]
name = "networkx"
version = "3.2.1"
description = "Python package for creating and manipulating graphs and networks"
category = "main"
optional = false
python-versions = ">=3.9"

[package.extras]
default = ["numpy (>=1.22)", "scipy (>=1.9,!=1.11.0,!=1.11.1)", "matplotlib (>=3.5)", "pandas (>=1.4)"]
developer = ["changelist (==0.4)", "pre-commit (>=3.2)", "mypy (>=1.1)", "rtoml"]
doc = ["sphinx (>=7)", "pydata-sphinx-theme (>=0.14)", "sphinx-gallery (>=0.14)", "numpydoc (>=1.6)", "pillow (>=9.4)", "nb2plots (>=0.7)", "texext (>=0.6.7)", "nbconvert (<7.9)"]
extra = ["lxml (>=4.6)", "pygraphviz (>=1.11)", "pydot (>=1.4.2)", "sympy (>=1.10)"]
test = ["pytest (>=7.2)", "pytest-cov (>=4.0)"]

[[package]]
name = "nodeenv"
version = "1.8.0"
description = "Node.js virtual environment builder"
category = "main"
optional = false
python-versions = ">=2.7,!=3.0.*,!=3.1.*,!=3.2.*,!=3.3.*,!=3.4.*,!=3.5.*,!=3.6.*"

[[package]]
name = "numpy"
version = "1.26.4"
description = "Fundamental package for array computing in Python"
category = "main"
optional = false
python-versions = ">=3.9"

[[package]]
name = "nvidia-cublas-cu11"
version = "11.10.3.66"
description = "CUBLAS native runtime libraries"
category = "main"
optional = false
python-versions = ">=3"

[[package]]
name = "nvidia-cuda-nvrtc-cu11"
version = "11.7.99"
description = "NVRTC native runtime libraries"
category = "main"
optional = false
python-versions = ">=3"

[[package]]
name = "nvidia-cuda-runtime-cu11"
version = "11.7.99"
description = "CUDA Runtime native Libraries"
category = "main"
optional = false
python-versions = ">=3"

[[package]]
name = "nvidia-cudnn-cu11"
version = "8.5.0.96"
description = "cuDNN runtime libraries"
category = "main"
optional = false
python-versions = ">=3"

[[package]]
name = "opencv-contrib-python"
version = "4.9.0.80"
description = "Wrapper package for OpenCV python bindings."
category = "main"
optional = false
python-versions = ">=3.6"

[package.dependencies]
numpy = [
    {version = ">=1.21.2", markers = "python_version >= \"3.10\""},
    {version = ">=1.21.4", markers = "python_version >= \"3.10\" and platform_system == \"Darwin\""},
    {version = ">=1.23.5", markers = "python_version >= \"3.11\""},
    {version = ">=1.26.0", markers = "python_version >= \"3.12\""},
    {version = ">=1.19.3", markers = "python_version >= \"3.6\" and platform_system == \"Linux\" and platform_machine == \"aarch64\" or python_version >= \"3.9\""},
    {version = ">=1.17.0", markers = "python_version >= \"3.7\""},
    {version = ">=1.17.3", markers = "python_version >= \"3.8\""},
]

[[package]]
name = "opencv-python"
version = "4.9.0.80"
description = "Wrapper package for OpenCV python bindings."
category = "main"
optional = false
python-versions = ">=3.6"

[package.dependencies]
numpy = [
    {version = ">=1.21.2", markers = "python_version >= \"3.10\""},
    {version = ">=1.21.4", markers = "python_version >= \"3.10\" and platform_system == \"Darwin\""},
    {version = ">=1.23.5", markers = "python_version >= \"3.11\""},
    {version = ">=1.26.0", markers = "python_version >= \"3.12\""},
    {version = ">=1.19.3", markers = "python_version >= \"3.6\" and platform_system == \"Linux\" and platform_machine == \"aarch64\" or python_version >= \"3.9\""},
    {version = ">=1.17.0", markers = "python_version >= \"3.7\""},
    {version = ">=1.17.3", markers = "python_version >= \"3.8\""},
]

[[package]]
name = "osqp"
version = "0.6.4"
description = "OSQP: The Operator Splitting QP Solver"
category = "main"
optional = false
python-versions = "*"

[package.dependencies]
numpy = ">=1.7"
qdldl = "*"
scipy = ">=0.13.2"

[[package]]
name = "packaging"
version = "24.0"
description = "Core utilities for Python packages"
category = "main"
optional = false
python-versions = ">=3.7"

[[package]]
name = "pandas"
version = "1.5.3"
description = "Powerful data structures for data analysis, time series, and statistics"
category = "main"
optional = false
python-versions = ">=3.8"

[package.dependencies]
numpy = [
    {version = ">=1.21.0", markers = "python_version >= \"3.10\""},
    {version = ">=1.23.2", markers = "python_version >= \"3.11\""},
]
python-dateutil = ">=2.8.1"
pytz = ">=2020.1"

[package.extras]
test = ["hypothesis (>=5.5.3)", "pytest (>=6.0)", "pytest-xdist (>=1.31)"]

[[package]]
name = "pathspec"
version = "0.12.1"
description = "Utility library for gitignore style pattern matching of file paths."
category = "main"
optional = false
python-versions = ">=3.8"

[[package]]
name = "pillow"
version = "9.5.0"
description = "Python Imaging Library (Fork)"
category = "main"
optional = false
python-versions = ">=3.7"

[package.extras]
docs = ["furo", "olefile", "sphinx (>=2.4)", "sphinx-copybutton", "sphinx-inline-tabs", "sphinx-removed-in", "sphinxext-opengraph"]
tests = ["check-manifest", "coverage", "defusedxml", "markdown2", "olefile", "packaging", "pyroma", "pytest", "pytest-cov", "pytest-timeout"]

[[package]]
name = "platformdirs"
version = "4.2.0"
description = "A small Python package for determining appropriate platform-specific dirs, e.g. a \"user data dir\"."
category = "main"
optional = false
python-versions = ">=3.8"

[package.extras]
docs = ["furo (>=2023.9.10)", "proselint (>=0.13)", "sphinx-autodoc-typehints (>=1.25.2)", "sphinx (>=7.2.6)"]
test = ["appdirs (==1.4.4)", "covdefaults (>=2.3)", "pytest-cov (>=4.1)", "pytest-mock (>=3.12)", "pytest (>=7.4.3)"]

[[package]]
name = "pluggy"
version = "1.4.0"
description = "plugin and hook calling mechanisms for python"
category = "main"
optional = false
python-versions = ">=3.8"

[package.extras]
dev = ["pre-commit", "tox"]
testing = ["pytest", "pytest-benchmark"]

[[package]]
name = "polytope"
version = "0.2.5"
description = "Polytope Toolbox"
category = "main"
optional = false
python-versions = ">=3.8"

[package.dependencies]
networkx = ">=3.0"
numpy = ">=1.24.1"
scipy = ">=1.10.0"

[[package]]
name = "pre-commit"
version = "3.7.0"
description = "A framework for managing and maintaining multi-language pre-commit hooks."
category = "main"
optional = false
python-versions = ">=3.9"

[package.dependencies]
cfgv = ">=2.0.0"
identify = ">=1.0.0"
nodeenv = ">=0.11.1"
pyyaml = ">=5.1"
virtualenv = ">=20.10.0"

[[package]]
name = "protobuf"
version = "5.26.1"
description = ""
category = "main"
optional = false
python-versions = ">=3.8"

[[package]]
name = "pyaml"
version = "23.12.0"
description = "PyYAML-based module to produce a bit more pretty and readable YAML-serialized data"
category = "main"
optional = false
python-versions = ">=3.8"

[package.dependencies]
PyYAML = "*"

[package.extras]
anchors = ["unidecode"]

[[package]]
name = "pybind11"
version = "2.12.0"
description = "Seamless operability between C++11 and Python"
category = "main"
optional = false
python-versions = ">=3.6"

[package.extras]
global = ["pybind11-global (==2.12.0)"]

[[package]]
name = "pybullet"
version = "3.2.6"
description = "Official Python Interface for the Bullet Physics SDK specialized for Robotics Simulation and Reinforcement Learning"
category = "main"
optional = false
python-versions = "*"

[[package]]
name = "pycddlib"
version = "2.1.7"
description = "pycddlib is a Python wrapper for Komei Fukuda's cddlib."
category = "main"
optional = false
python-versions = ">=3.7"

[[package]]
name = "pygments"
version = "2.17.2"
description = "Pygments is a syntax highlighting package written in Python."
category = "main"
optional = false
python-versions = ">=3.7"

[package.extras]
plugins = ["importlib-metadata"]
windows-terminal = ["colorama (>=0.4.6)"]

[[package]]
name = "pyparsing"
version = "3.1.2"
description = "pyparsing module - Classes and methods to define and execute parsing grammars"
category = "main"
optional = false
python-versions = ">=3.6.8"

[package.extras]
diagrams = ["railroad-diagrams", "jinja2"]

[[package]]
name = "pysocks"
version = "1.7.1"
description = "A Python SOCKS client module. See https://github.com/Anorov/PySocks for more information."
category = "main"
optional = false
python-versions = ">=2.7, !=3.0.*, !=3.1.*, !=3.2.*, !=3.3.*"

[[package]]
name = "pytest"
version = "8.1.1"
description = "pytest: simple powerful testing with Python"
category = "main"
optional = false
python-versions = ">=3.8"

[package.dependencies]
colorama = {version = "*", markers = "sys_platform == \"win32\""}
exceptiongroup = {version = ">=1.0.0rc8", markers = "python_version < \"3.11\""}
iniconfig = "*"
packaging = "*"
pluggy = ">=1.4,<2.0"
tomli = {version = ">=1", markers = "python_version < \"3.11\""}

[package.extras]
testing = ["argcomplete", "attrs (>=19.2)", "hypothesis (>=3.56)", "mock", "pygments (>=2.7.2)", "requests", "setuptools", "xmlschema"]

[[package]]
name = "python-dateutil"
version = "2.9.0.post0"
description = "Extensions to the standard Python datetime module"
category = "main"
optional = false
python-versions = "!=3.0.*,!=3.1.*,!=3.2.*,>=2.7"

[package.dependencies]
six = ">=1.5"

[[package]]
name = "pytope"
version = "0.0.4"
description = "Polytope operations --- limited functionality"
category = "main"
optional = false
python-versions = ">=3.6"

[package.dependencies]
matplotlib = "*"
numpy = "*"
pycddlib = "*"
scipy = ">=1.3.0"

[[package]]
name = "pytz"
version = "2024.1"
description = "World timezone definitions, modern and historical"
category = "main"
optional = false
python-versions = "*"

[[package]]
name = "pyyaml"
version = "6.0.1"
description = "YAML parser and emitter for Python"
category = "main"
optional = false
python-versions = ">=3.6"

[[package]]
name = "qdldl"
version = "0.1.7.post0"
description = "QDLDL, a free LDL factorization routine."
category = "main"
optional = false
python-versions = "*"

[package.dependencies]
numpy = ">=1.7"
scipy = ">=0.13.2"

[[package]]
name = "ray"
version = "1.10.0"
description = "Ray provides a simple, universal API for building distributed applications."
category = "main"
optional = false
python-versions = "*"

[package.dependencies]
attrs = "*"
click = ">=7.0"
filelock = "*"
grpcio = ">=1.28.1"
jsonschema = "*"
msgpack = ">=1.0.0,<2.0.0"
numpy = {version = ">=1.19.3", markers = "python_version >= \"3.9\""}
protobuf = ">=3.15.3"
pyyaml = "*"
redis = ">=3.5.0"

[package.extras]
all = ["pandas", "colorful", "aiohttp-cors", "scikit-image", "numpy (>=1.19)", "aiosignal", "gpustat (>=1.0.0b1)", "tensorboardX (>=1.9)", "scipy", "aiohttp (>=3.7)", "dm-tree", "ray-cpp (==1.10.0)", "requests", "kubernetes", "frozenlist", "urllib3", "opentelemetry-exporter-otlp (==1.1.0)", "gym", "matplotlib (!=3.4.3)", "smart-open", "fsspec", "opencensus", "aiorwlock", "py-spy (>=0.2.0)", "fastapi", "lz4", "aioredis (<2)", "tabulate", "starlette", "pyarrow (>=4.0.1)", "opentelemetry-api (==1.1.0)", "prometheus-client (>=0.7.1)", "pyyaml", "uvicorn", "opentelemetry-sdk (==1.1.0)"]
cpp = ["ray-cpp (==1.10.0)"]
data = ["pandas", "pyarrow (>=4.0.1)", "fsspec", "numpy (>=1.19)"]
default = ["aiohttp (>=3.7)", "aiosignal", "aiohttp-cors", "aioredis (<2)", "colorful", "frozenlist", "py-spy (>=0.2.0)", "requests", "gpustat (>=1.0.0b1)", "opencensus", "prometheus-client (>=0.7.1)", "smart-open"]
k8s = ["kubernetes", "urllib3"]
observability = ["opentelemetry-api (==1.1.0)", "opentelemetry-sdk (==1.1.0)", "opentelemetry-exporter-otlp (==1.1.0)"]
rllib = ["pandas", "tabulate", "tensorboardX (>=1.9)", "requests", "dm-tree", "gym", "lz4", "matplotlib (!=3.4.3)", "scikit-image", "pyyaml", "scipy"]
serve = ["frozenlist", "starlette", "aiohttp-cors", "colorful", "aiosignal", "gpustat (>=1.0.0b1)", "prometheus-client (>=0.7.1)", "aiorwlock", "opencensus", "py-spy (>=0.2.0)", "requests", "fastapi", "aiohttp (>=3.7)", "smart-open", "uvicorn", "aioredis (<2)"]
tune = ["pandas", "tabulate", "tensorboardX (>=1.9)", "requests"]

[[package]]
name = "redis"
version = "5.0.3"
description = "Python client for Redis database and key-value store"
category = "main"
optional = false
python-versions = ">=3.7"

[package.dependencies]
async-timeout = {version = ">=4.0.3", markers = "python_full_version < \"3.11.3\""}

[package.extras]
hiredis = ["hiredis (>=1.0.0)"]
ocsp = ["cryptography (>=36.0.1)", "pyopenssl (==20.0.1)", "requests (>=2.26.0)"]

[[package]]
name = "referencing"
version = "0.34.0"
description = "JSON Referencing + Python"
category = "main"
optional = false
python-versions = ">=3.8"

[package.dependencies]
attrs = ">=22.2.0"
rpds-py = ">=0.7.0"

[[package]]
name = "requests"
version = "2.31.0"
description = "Python HTTP for Humans."
category = "main"
optional = false
python-versions = ">=3.7"

[package.dependencies]
certifi = ">=2017.4.17"
charset-normalizer = ">=2,<4"
idna = ">=2.5,<4"
PySocks = {version = ">=1.5.6,<1.5.7 || >1.5.7", optional = true, markers = "extra == \"socks\""}
urllib3 = ">=1.21.1,<3"

[package.extras]
socks = ["PySocks (>=1.5.6,!=1.5.7)"]
use_chardet_on_py3 = ["chardet (>=3.0.2,<6)"]

[[package]]
name = "rich"
version = "12.6.0"
description = "Render rich text, tables, progress bars, syntax highlighting, markdown and more to the terminal"
category = "main"
optional = false
python-versions = ">=3.6.3,<4.0.0"

[package.dependencies]
commonmark = ">=0.9.0,<0.10.0"
pygments = ">=2.6.0,<3.0.0"

[package.extras]
jupyter = ["ipywidgets (>=7.5.1,<8.0.0)"]

[[package]]
name = "rpds-py"
version = "0.18.0"
description = "Python bindings to Rust's persistent data structures (rpds)"
category = "main"
optional = false
python-versions = ">=3.8"

[[package]]
name = "scikit-learn"
version = "1.4.1.post1"
description = "A set of python modules for machine learning and data mining"
category = "main"
optional = false
python-versions = ">=3.9"

[package.dependencies]
joblib = ">=1.2.0"
numpy = ">=1.19.5,<2.0"
scipy = ">=1.6.0"
threadpoolctl = ">=2.0.0"

[package.extras]
benchmark = ["matplotlib (>=3.3.4)", "pandas (>=1.1.5)", "memory-profiler (>=0.57.0)"]
docs = ["matplotlib (>=3.3.4)", "scikit-image (>=0.17.2)", "pandas (>=1.1.5)", "seaborn (>=0.9.0)", "memory-profiler (>=0.57.0)", "sphinx (>=6.0.0)", "sphinx-copybutton (>=0.5.2)", "sphinx-gallery (>=0.15.0)", "numpydoc (>=1.2.0)", "Pillow (>=7.1.2)", "pooch (>=1.6.0)", "sphinx-prompt (>=1.3.0)", "sphinxext-opengraph (>=0.4.2)", "plotly (>=5.14.0)"]
examples = ["matplotlib (>=3.3.4)", "scikit-image (>=0.17.2)", "pandas (>=1.1.5)", "seaborn (>=0.9.0)", "pooch (>=1.6.0)", "plotly (>=5.14.0)"]
tests = ["matplotlib (>=3.3.4)", "scikit-image (>=0.17.2)", "pandas (>=1.1.5)", "pytest (>=7.1.2)", "pytest-cov (>=2.9.0)", "ruff (>=0.0.272)", "black (>=23.3.0)", "mypy (>=1.3)", "pyamg (>=4.0.0)", "polars (>=0.19.12)", "pyarrow (>=12.0.0)", "numpydoc (>=1.2.0)", "pooch (>=1.6.0)"]

[[package]]
name = "scikit-optimize"
version = "0.9.0"
description = "Sequential model-based optimization toolbox."
category = "main"
optional = false
python-versions = "*"

[package.dependencies]
joblib = ">=0.11"
numpy = ">=1.13.3"
pyaml = ">=16.9"
scikit-learn = ">=0.20.0"
scipy = ">=0.19.1"

[package.extras]
plots = ["matplotlib (>=2.0.0)"]

[[package]]
name = "scipy"
version = "1.12.0"
description = "Fundamental algorithms for scientific computing in Python"
category = "main"
optional = false
python-versions = ">=3.9"

[package.dependencies]
numpy = ">=1.22.4,<1.29.0"

[package.extras]
test = ["pytest", "pytest-cov", "pytest-timeout", "pytest-xdist", "asv", "mpmath", "gmpy2", "threadpoolctl", "scikit-umfpack", "pooch", "hypothesis"]
doc = ["sphinx (!=4.1.0)", "pydata-sphinx-theme (==0.9.0)", "sphinx-design (>=0.2.0)", "matplotlib (>2)", "numpydoc", "jupytext", "myst-nb", "pooch"]
dev = ["mypy", "typing-extensions", "types-psutil", "pycodestyle", "ruff", "cython-lint (>=0.12.2)", "rich-click", "click", "doit (>=0.36.0)", "pydevtool"]

[[package]]
name = "scs"
version = "3.2.4.post1"
description = "Splitting conic solver"
category = "main"
optional = false
python-versions = ">=3.7"

[package.dependencies]
numpy = "*"
scipy = "*"

[[package]]
name = "six"
version = "1.16.0"
description = "Python 2 and 3 compatibility utilities"
category = "main"
optional = false
python-versions = ">=2.7, !=3.0.*, !=3.1.*, !=3.2.*"

[[package]]
name = "soupsieve"
version = "2.5"
description = "A modern CSS selector implementation for Beautiful Soup."
category = "main"
optional = false
python-versions = ">=3.8"

[[package]]
name = "tensorboard"
version = "2.16.2"
description = "TensorBoard lets you watch Tensors Flow"
category = "main"
optional = false
python-versions = ">=3.9"

[package.dependencies]
absl-py = ">=0.4"
grpcio = ">=1.48.2"
markdown = ">=2.6.8"
numpy = ">=1.12.0"
protobuf = ">=3.19.6,<4.24.0 || >4.24.0"
six = ">1.9"
tensorboard-data-server = ">=0.7.0,<0.8.0"
werkzeug = ">=1.0.1"

[[package]]
name = "tensorboard-data-server"
version = "0.7.2"
description = "Fast data loading for TensorBoard"
category = "main"
optional = false
python-versions = ">=3.7"

[[package]]
name = "termcolor"
version = "1.1.0"
description = "ANSII Color formatting for output in terminal."
category = "main"
optional = false
python-versions = "*"

[[package]]
name = "threadpoolctl"
version = "3.4.0"
description = "threadpoolctl"
category = "main"
optional = false
python-versions = ">=3.8"

[[package]]
name = "tomli"
version = "2.0.1"
description = "A lil' TOML parser"
category = "main"
optional = false
python-versions = ">=3.7"

[[package]]
name = "torch"
version = "1.13.1"
description = "Tensors and Dynamic neural networks in Python with strong GPU acceleration"
category = "main"
optional = false
python-versions = ">=3.7.0"

[package.dependencies]
nvidia-cublas-cu11 = {version = "11.10.3.66", markers = "platform_system == \"Linux\""}
nvidia-cuda-nvrtc-cu11 = {version = "11.7.99", markers = "platform_system == \"Linux\""}
nvidia-cuda-runtime-cu11 = {version = "11.7.99", markers = "platform_system == \"Linux\""}
nvidia-cudnn-cu11 = {version = "8.5.0.96", markers = "platform_system == \"Linux\""}
typing-extensions = "*"

[package.extras]
opt-einsum = ["opt-einsum (>=3.3)"]

[[package]]
name = "tqdm"
version = "4.66.2"
description = "Fast, Extensible Progress Meter"
category = "main"
optional = false
python-versions = ">=3.7"

[package.dependencies]
colorama = {version = "*", markers = "platform_system == \"Windows\""}

[package.extras]
dev = ["pytest (>=6)", "pytest-cov", "pytest-timeout", "pytest-xdist"]
notebook = ["ipywidgets (>=6)"]
slack = ["slack-sdk"]
telegram = ["requests"]

[[package]]
name = "typeguard"
version = "2.13.3"
description = "Run-time type checker for Python"
category = "main"
optional = false
python-versions = ">=3.5.3"

[package.extras]
doc = ["sphinx-rtd-theme", "sphinx-autodoc-typehints (>=1.2.0)"]
test = ["pytest", "typing-extensions", "mypy"]

[[package]]
name = "typing-extensions"
version = "4.10.0"
description = "Backported and Experimental Type Hints for Python 3.8+"
category = "main"
optional = false
python-versions = ">=3.8"

[[package]]
name = "urllib3"
version = "2.2.1"
description = "HTTP library with thread-safe connection pooling, file post, and more."
category = "main"
optional = false
python-versions = ">=3.8"

[package.extras]
brotli = ["brotli (>=1.0.9)", "brotlicffi (>=0.8.0)"]
h2 = ["h2 (>=4,<5)"]
socks = ["pysocks (>=1.5.6,!=1.5.7,<2.0)"]
zstd = ["zstandard (>=0.18.0)"]

[[package]]
name = "virtualenv"
version = "20.25.1"
description = "Virtual Python Environment builder"
category = "main"
optional = false
python-versions = ">=3.7"

[package.dependencies]
distlib = ">=0.3.7,<1"
filelock = ">=3.12.2,<4"
platformdirs = ">=3.9.1,<5"

[package.extras]
docs = ["furo (>=2023.7.26)", "proselint (>=0.13)", "sphinx-argparse (>=0.4)", "sphinx (>=7.1.2)", "sphinxcontrib-towncrier (>=0.2.1a0)", "towncrier (>=23.6)"]
test = ["covdefaults (>=2.3)", "coverage-enable-subprocess (>=1)", "coverage (>=7.2.7)", "flaky (>=3.7)", "packaging (>=23.1)", "pytest-env (>=0.8.2)", "pytest-freezer (>=0.4.8)", "pytest-mock (>=3.11.1)", "pytest-randomly (>=3.12)", "pytest-timeout (>=2.1)", "pytest (>=7.4)", "setuptools (>=68)", "time-machine (>=2.10)"]

[[package]]
name = "werkzeug"
version = "3.0.1"
description = "The comprehensive WSGI web application library."
category = "main"
optional = false
python-versions = ">=3.8"

[package.dependencies]
MarkupSafe = ">=2.1.1"

[package.extras]
watchdog = ["watchdog (>=2.3)"]

[metadata]
lock-version = "1.1"
python-versions = "^3.10"
content-hash = "9708f8b6e69e9fd7e1e0aaf03631178682a52c95c5fe63f5f21465b3aba943f1"

[metadata.files]
absl-py = []
async-timeout = []
attrs = []
beautifulsoup4 = []
black = []
casadi = []
certifi = []
cfgv = []
charset-normalizer = []
clarabel = []
click = []
cloudpickle = []
colorama = []
commonmark = []
contourpy = []
cvxpy = []
cycler = []
dict-deep = []
distlib = []
ecos = []
exceptiongroup = []
farama-notifications = []
filelock = []
fonttools = []
gdown = []
gpytorch = []
grpcio = []
gymnasium = []
identify = []
idna = []
imageio = []
iniconfig = []
isort = []
jax-jumpy = []
jaxtyping = []
joblib = []
jsonschema = []
jsonschema-specifications = []
kiwisolver = []
linear-operator = []
markdown = []
markupsafe = []
matplotlib = []
menpo = []
mosek = []
msgpack = []
munch = []
mypy-extensions = []
networkx = []
nodeenv = []
numpy = []
nvidia-cublas-cu11 = []
nvidia-cuda-nvrtc-cu11 = []
nvidia-cuda-runtime-cu11 = []
nvidia-cudnn-cu11 = []
opencv-contrib-python = []
opencv-python = []
osqp = []
packaging = []
pandas = []
pathspec = []
pillow = []
platformdirs = []
pluggy = []
polytope = []
pre-commit = []
protobuf = []
pyaml = []
pybind11 = []
pybullet = []
pycddlib = []
pygments = []
pyparsing = []
pysocks = []
pytest = []
python-dateutil = []
pytope = []
pytz = []
pyyaml = []
qdldl = []
ray = []
redis = []
referencing = []
requests = []
rich = []
rpds-py = []
scikit-learn = []
scikit-optimize = []
scipy = []
scs = []
six = []
soupsieve = []
tensorboard = []
tensorboard-data-server = []
termcolor = []
threadpoolctl = []
tomli = []
torch = []
tqdm = []
typeguard = []
typing-extensions = []
urllib3 = []
virtualenv = []
werkzeug = []
